
Microsoft Visual Studio Solution File, Format Version 12.00
# Visual Studio Version 16
VisualStudioVersion = 16.6.30114.105
MinimumVisualStudioVersion = 10.0.40219.1
Project("{2150E333-8FDC-42A3-9474-1A3956D46DE8}") = "src", "src", "{54FD46C5-F1AC-459F-925B-3AD5E5E2C18D}"
EndProject
Project("{2150E333-8FDC-42A3-9474-1A3956D46DE8}") = "test", "test", "{482F1632-7111-4960-B557-F08E4A9CBE35}"
EndProject
Project("{FAE04EC0-301F-11D3-BF4B-00C04F79EFBC}") = "BootstoreApi.App", "src\BootstoreApi.App\BootstoreApi.App.csproj", "{8527C69C-2379-460C-A4E9-BD9FCAF3B3B0}"
EndProject
Project("{2150E333-8FDC-42A3-9474-1A3956D46DE8}") = "Solution Items", "Solution Items", "{9D3AA57A-F68E-41DF-898C-391A2BD1EDC7}"
	ProjectSection(SolutionItems) = preProject
		.editorconfig = .editorconfig
	EndProjectSection
EndProject
Global
	GlobalSection(SolutionConfigurationPlatforms) = preSolution
		Debug|Any CPU = Debug|Any CPU
		Release|Any CPU = Release|Any CPU
	EndGlobalSection
	GlobalSection(ProjectConfigurationPlatforms) = postSolution
		{8527C69C-2379-460C-A4E9-BD9FCAF3B3B0}.Debug|Any CPU.ActiveCfg = Debug|Any CPU
		{8527C69C-2379-460C-A4E9-BD9FCAF3B3B0}.Debug|Any CPU.Build.0 = Debug|Any CPU
		{8527C69C-2379-460C-A4E9-BD9FCAF3B3B0}.Release|Any CPU.ActiveCfg = Release|Any CPU
		{8527C69C-2379-460C-A4E9-BD9FCAF3B3B0}.Release|Any CPU.Build.0 = Release|Any CPU
	EndGlobalSection
	GlobalSection(SolutionProperties) = preSolution
		HideSolutionNode = FALSE
	EndGlobalSection
	GlobalSection(NestedProjects) = preSolution
		{8527C69C-2379-460C-A4E9-BD9FCAF3B3B0} = {54FD46C5-F1AC-459F-925B-3AD5E5E2C18D}
	EndGlobalSection
	GlobalSection(ExtensibilityGlobals) = postSolution
		SolutionGuid = {B0CA94BF-960E-4B18-A0EA-3DFBDBC7154D}
	EndGlobalSection
EndGlobal
