
Microsoft Visual Studio Solution File, Format Version 12.00
# Visual Studio Version 16
VisualStudioVersion = 16.0.30128.74
MinimumVisualStudioVersion = 10.0.40219.1
Project("{FAE04EC0-301F-11D3-BF4B-00C04F79EFBC}") = "QAEngine.Api", "QAEngine.Api\QAEngine.Api.csproj", "{44380AA0-EDE5-494F-948D-92B5808229BC}"
EndProject
Global
	GlobalSection(SolutionConfigurationPlatforms) = preSolution
		Debug|Any CPU = Debug|Any CPU
		Release|Any CPU = Release|Any CPU
	EndGlobalSection
	GlobalSection(ProjectConfigurationPlatforms) = postSolution
		{44380AA0-EDE5-494F-948D-92B5808229BC}.Debug|Any CPU.ActiveCfg = Debug|Any CPU
		{44380AA0-EDE5-494F-948D-92B5808229BC}.Debug|Any CPU.Build.0 = Debug|Any CPU
		{44380AA0-EDE5-494F-948D-92B5808229BC}.Release|Any CPU.ActiveCfg = Release|Any CPU
		{44380AA0-EDE5-494F-948D-92B5808229BC}.Release|Any CPU.Build.0 = Release|Any CPU
	EndGlobalSection
	GlobalSection(SolutionProperties) = preSolution
		HideSolutionNode = FALSE
	EndGlobalSection
	GlobalSection(ExtensibilityGlobals) = postSolution
		SolutionGuid = {70F6F9E1-B6F8-4DB7-A314-58B2091710AF}
	EndGlobalSection
EndGlobal
