
Microsoft Visual Studio Solution File, Format Version 12.00
# Visual Studio Version 16
VisualStudioVersion = 16.0.30128.74
MinimumVisualStudioVersion = 10.0.40219.1
Project("{9A19103F-16F7-4668-BE54-9A1E7A4F7556}") = "QAEngine.Api", "QAEngine.Api\QAEngine.Api.csproj", "{44380AA0-EDE5-494F-948D-92B5808229BC}"
EndProject
Project("{9A19103F-16F7-4668-BE54-9A1E7A4F7556}") = "QAEngine.Core", "QAEngine.Core\QAEngine.Core.csproj", "{BC266B3E-5CF2-49C0-8F4A-F886FFFD90DA}"
EndProject
Project("{2150E333-8FDC-42A3-9474-1A3956D46DE8}") = "Solution Items", "Solution Items", "{AAE15FF2-5E06-45D2-B69D-F13BB84D0CFC}"
	ProjectSection(SolutionItems) = preProject
		.editorconfig = .editorconfig
	EndProjectSection
EndProject
Project("{9A19103F-16F7-4668-BE54-9A1E7A4F7556}") = "QAEngine.Infra", "QAEngine.Infra\QAEngine.Infra.csproj", "{3CE9A92F-76AB-4895-BF27-43D71ED406F2}"
EndProject
Project("{2150E333-8FDC-42A3-9474-1A3956D46DE8}") = "src", "src", "{979C8E41-718C-4CA7-A40A-086864CAFDEB}"
EndProject
Project("{2150E333-8FDC-42A3-9474-1A3956D46DE8}") = "test", "test", "{B8263849-BE7C-4E2E-B41A-CF7895C26AC5}"
EndProject
Global
	GlobalSection(SolutionConfigurationPlatforms) = preSolution
		Debug|Any CPU = Debug|Any CPU
		Release|Any CPU = Release|Any CPU
	EndGlobalSection
	GlobalSection(ProjectConfigurationPlatforms) = postSolution
		{44380AA0-EDE5-494F-948D-92B5808229BC}.Debug|Any CPU.ActiveCfg = Debug|Any CPU
		{44380AA0-EDE5-494F-948D-92B5808229BC}.Debug|Any CPU.Build.0 = Debug|Any CPU
		{44380AA0-EDE5-494F-948D-92B5808229BC}.Release|Any CPU.ActiveCfg = Release|Any CPU
		{44380AA0-EDE5-494F-948D-92B5808229BC}.Release|Any CPU.Build.0 = Release|Any CPU
		{BC266B3E-5CF2-49C0-8F4A-F886FFFD90DA}.Debug|Any CPU.ActiveCfg = Debug|Any CPU
		{BC266B3E-5CF2-49C0-8F4A-F886FFFD90DA}.Debug|Any CPU.Build.0 = Debug|Any CPU
		{BC266B3E-5CF2-49C0-8F4A-F886FFFD90DA}.Release|Any CPU.ActiveCfg = Release|Any CPU
		{BC266B3E-5CF2-49C0-8F4A-F886FFFD90DA}.Release|Any CPU.Build.0 = Release|Any CPU
		{3CE9A92F-76AB-4895-BF27-43D71ED406F2}.Debug|Any CPU.ActiveCfg = Debug|Any CPU
		{3CE9A92F-76AB-4895-BF27-43D71ED406F2}.Debug|Any CPU.Build.0 = Debug|Any CPU
		{3CE9A92F-76AB-4895-BF27-43D71ED406F2}.Release|Any CPU.ActiveCfg = Release|Any CPU
		{3CE9A92F-76AB-4895-BF27-43D71ED406F2}.Release|Any CPU.Build.0 = Release|Any CPU
	EndGlobalSection
	GlobalSection(SolutionProperties) = preSolution
		HideSolutionNode = FALSE
	EndGlobalSection
	GlobalSection(NestedProjects) = preSolution
		{44380AA0-EDE5-494F-948D-92B5808229BC} = {979C8E41-718C-4CA7-A40A-086864CAFDEB}
		{BC266B3E-5CF2-49C0-8F4A-F886FFFD90DA} = {979C8E41-718C-4CA7-A40A-086864CAFDEB}
		{3CE9A92F-76AB-4895-BF27-43D71ED406F2} = {979C8E41-718C-4CA7-A40A-086864CAFDEB}
	EndGlobalSection
	GlobalSection(ExtensibilityGlobals) = postSolution
		SolutionGuid = {70F6F9E1-B6F8-4DB7-A314-58B2091710AF}
	EndGlobalSection
EndGlobal
